{
  "name": "steam-centering",
  "version": "1.0.0",
  "lockfileVersion": 1,
  "dependencies": {
    "lodash.deburr": {
      "version": "4.1.0",
      "resolved": "https://registry.npmjs.org/lodash.deburr/-/lodash.deburr-4.1.0.tgz",
      "integrity": "sha1-3bG7s+8HRYwBd7oH3hRCLLAz/5s="
    },
    "minimist": {
      "version": "1.2.0",
      "resolved": "https://registry.npmjs.org/minimist/-/minimist-1.2.0.tgz",
      "integrity": "sha1-o1AIsg9BOD7sH7kU9M1d95omQoQ="
    },
    "string-pixel-width": {
      "version": "1.5.0",
      "resolved": "https://registry.npmjs.org/string-pixel-width/-/string-pixel-width-1.5.0.tgz",
      "integrity": "sha512-vKliqkQKUdHRu6bQamnjGC4LUDxkfkknNaVDFk9noDJ2PjycvdTh8bqH/1gS4i26vWuLK6lumE9gKbm0/YSFFQ=="
    }
  }
}
